
Microsoft Visual Studio Solution File, Format Version 12.00
# Visual Studio 2012
Project("{FAE04EC0-301F-11D3-BF4B-00C04F79EFBC}") = "UITests", "src\ui-tests\UITests.csproj", "{BF011E0E-8156-4BC2-9AAF-27464D6176E9}"
EndProject
Project("{FAE04EC0-301F-11D3-BF4B-00C04F79EFBC}") = "AllureNUnitAdapter", "src\allure\AllureNUnitAdapter.csproj", "{A59DF3CD-A5FF-47DC-9456-7D5F46D8FCAF}"
EndProject
Global
	GlobalSection(SolutionConfigurationPlatforms) = preSolution
		Debug|x86 = Debug|x86
		Release|x86 = Release|x86
	EndGlobalSection
	GlobalSection(ProjectConfigurationPlatforms) = postSolution
		{BF011E0E-8156-4BC2-9AAF-27464D6176E9}.Debug|x86.ActiveCfg = Debug|Any CPU
		{BF011E0E-8156-4BC2-9AAF-27464D6176E9}.Debug|x86.Build.0 = Debug|Any CPU
		{BF011E0E-8156-4BC2-9AAF-27464D6176E9}.Release|x86.ActiveCfg = Release|Any CPU
		{BF011E0E-8156-4BC2-9AAF-27464D6176E9}.Release|x86.Build.0 = Release|Any CPU
		{A59DF3CD-A5FF-47DC-9456-7D5F46D8FCAF}.Debug|x86.ActiveCfg = Debug|Any CPU
		{A59DF3CD-A5FF-47DC-9456-7D5F46D8FCAF}.Debug|x86.Build.0 = Debug|Any CPU
		{A59DF3CD-A5FF-47DC-9456-7D5F46D8FCAF}.Release|x86.ActiveCfg = Release|Any CPU
		{A59DF3CD-A5FF-47DC-9456-7D5F46D8FCAF}.Release|x86.Build.0 = Release|Any CPU
	EndGlobalSection
EndGlobal
